# THIS IS AN AUTOGENERATED FILE. DO NOT EDIT THIS FILE DIRECTLY.
# yarn lockfile v1


classlist-polyfill@^1.2.0:
  version "1.2.0"
  resolved "https://registry.yarnpkg.com/classlist-polyfill/-/classlist-polyfill-1.2.0.tgz#935bc2dfd9458a876b279617514638bcaa964a2e"

lodash@^4.17.5:
  version "4.17.5"
  resolved "https://registry.yarnpkg.com/lodash/-/lodash-4.17.5.tgz#99a92d65c0272debe8c96b6057bc8fbfa3bed511"

nodelist-foreach-polyfill@^1.2.0:
  version "1.2.0"
  resolved "https://registry.yarnpkg.com/nodelist-foreach-polyfill/-/nodelist-foreach-polyfill-1.2.0.tgz#92bca739959af68271734087e48474c2fef5152c"
